{
  "name": "tinyant",
  "lockfileVersion": 3,
  "requires": true,
  "packages": {
    "": {
      "name": "tinyant",
      "dependencies": {
        "crawler": "^2.0.2",
        "dayjs": "^1.11.13",
        "minimist": "^1.2.8",
        "papaparse": "^5.4.1",
        "ramda": "^0.32.0",
        "seenreq": "^3.0.0",
        "tslog": "^4.9.2"
      }
    },
    "node_modules/@keyv/serialize": {
      "version": "1.1.1",
      "resolved": "https://registry.npmmirror.com/@keyv/serialize/-/serialize-1.1.1.tgz",
      "integrity": "sha512-dXn3FZhPv0US+7dtJsIi2R+c7qWYiReoEh5zUntWCf4oSpMNib8FDhSoed6m3QyZdx5hK7iLFkYk3rNxwt8vTA==",
      "license": "MIT"
    },
    "node_modules/@sec-ant/readable-stream": {
      "version": "0.4.1",
      "resolved": "https://registry.npmmirror.com/@sec-ant/readable-stream/-/readable-stream-0.4.1.tgz",
      "integrity": "sha512-831qok9r2t8AlxLko40y2ebgSDhenenCatLVeW/uBtnHPyhHOvG0C7TvfgecV+wHzIm5KUICgzmVpWS+IMEAeg==",
      "license": "MIT"
    },
    "node_modules/@sindresorhus/is": {
      "version": "7.2.0",
      "resolved": "https://registry.npmmirror.com/@sindresorhus/is/-/is-7.2.0.tgz",
      "integrity": "sha512-P1Cz1dWaFfR4IR+U13mqqiGsLFf1KbayybWwdd2vfctdV6hDpUkgCY0nKOLLTMSoRd/jJNjtbqzf13K8DCCXQw==",
      "license": "MIT",
      "engines": {
        "node": ">=18"
      },
      "funding": {
        "url": "https://github.com/sindresorhus/is?sponsor=1"
      }
    },
    "node_modules/@types/http-cache-semantics": {
      "version": "4.2.0",
      "resolved": "https://registry.npmmirror.com/@types/http-cache-semantics/-/http-cache-semantics-4.2.0.tgz",
      "integrity": "sha512-L3LgimLHXtGkWikKnsPg0/VFx9OGZaC+eN1u4r+OB1XRqH3meBIAVC2zr1WdMH+RHmnRkqliQAOHNJ/E0j/e0Q==",
      "license": "MIT"
    },
    "node_modules/boolbase": {
      "version": "1.0.0",
      "resolved": "https://registry.npmmirror.com/boolbase/-/boolbase-1.0.0.tgz",
      "integrity": "sha512-JZOSA7Mo9sNGB8+UjSgzdLtokWAky1zbztM3WRLCbZ70/3cTANmQmOdR7y2g+J0e2WXywy1yS468tY+IruqEww==",
      "license": "ISC"
    },
    "node_modules/byte-counter": {
      "version": "0.1.0",
      "resolved": "https://registry.npmmirror.com/byte-counter/-/byte-counter-0.1.0.tgz",
      "integrity": "sha512-jheRLVMeUKrDBjVw2O5+k4EvR4t9wtxHL+bo/LxfkxsVeuGMy3a5SEGgXdAFA4FSzTrU8rQXQIrsZ3oBq5a0pQ==",
      "license": "MIT",
      "engines": {
        "node": ">=20"
      },
      "funding": {
        "url": "https://github.com/sponsors/sindresorhus"
      }
    },
    "node_modules/cacheable-lookup": {
      "version": "7.0.0",
      "resolved": "https://registry.npmmirror.com/cacheable-lookup/-/cacheable-lookup-7.0.0.tgz",
      "integrity": "sha512-+qJyx4xiKra8mZrcwhjMRMUhD5NR1R8esPkzIYxX96JiecFoxAXFuz/GpR3+ev4PE1WamHip78wV0vcmPQtp8w==",
      "license": "MIT",
      "engines": {
        "node": ">=14.16"
      }
    },
    "node_modules/cacheable-request": {
      "version": "13.0.19",
      "resolved": "https://registry.npmmirror.com/cacheable-request/-/cacheable-request-13.0.19.tgz",
      "integrity": "sha512-SVXGH037+Mo1aIMO5B2UcleR43FGjFdN+M8JObSyEoQ2Mn4CODRWx28gN5jiTF0n5ItsgtIZfyargMNs8GX4kg==",
      "license": "MIT",
      "dependencies": {
        "@types/http-cache-semantics": "^4.2.0",
        "get-stream": "^9.0.1",
        "http-cache-semantics": "^4.2.0",
        "keyv": "^5.6.0",
        "mimic-response": "^4.0.0",
        "normalize-url": "^8.1.1",
        "responselike": "^4.0.2"
      },
      "engines": {
        "node": ">=18"
      }
    },
    "node_modules/cheerio": {
      "version": "1.0.0-rc.12",
      "resolved": "https://registry.npmmirror.com/cheerio/-/cheerio-1.0.0-rc.12.tgz",
      "integrity": "sha512-VqR8m68vM46BNnuZ5NtnGBKIE/DfN0cRIzg9n40EIq9NOv90ayxLBXA8fXC5gquFRGJSTRqBq25Jt2ECLR431Q==",
      "license": "MIT",
      "dependencies": {
        "cheerio-select": "^2.1.0",
        "dom-serializer": "^2.0.0",
        "domhandler": "^5.0.3",
        "domutils": "^3.0.1",
        "htmlparser2": "^8.0.1",
        "parse5": "^7.0.0",
        "parse5-htmlparser2-tree-adapter": "^7.0.0"
      },
      "engines": {
        "node": ">= 6"
      },
      "funding": {
        "url": "https://github.com/cheeriojs/cheerio?sponsor=1"
      }
    },
    "node_modules/cheerio-select": {
      "version": "2.1.0",
      "resolved": "https://registry.npmmirror.com/cheerio-select/-/cheerio-select-2.1.0.tgz",
      "integrity": "sha512-9v9kG0LvzrlcungtnJtpGNxY+fzECQKhK4EGJX2vByejiMX84MFNQw4UxPJl3bFbTMw+Dfs37XaIkCwTZfLh4g==",
      "license": "BSD-2-Clause",
      "dependencies": {
        "boolbase": "^1.0.0",
        "css-select": "^5.1.0",
        "css-what": "^6.1.0",
        "domelementtype": "^2.3.0",
        "domhandler": "^5.0.3",
        "domutils": "^3.0.1"
      },
      "funding": {
        "url": "https://github.com/sponsors/fb55"
      }
    },
    "node_modules/crawler": {
      "version": "2.0.2",
      "resolved": "https://registry.npmmirror.com/crawler/-/crawler-2.0.2.tgz",
      "integrity": "sha512-im/ZTxSMlnGoQ+52uyTBpa8IdYqLwBCpdjG4BSfXwrgkGHvSYA1uXzO9vAB2N7foUqboS+WF0R0f1mXaV8ZQcw==",
      "license": "MIT",
      "dependencies": {
        "cheerio": "1.0.0-rc.12",
        "got": "^14.4.1",
        "hpagent": "^1.2.0",
        "http2-wrapper": "^2.2.1",
        "iconv-lite": "^0.6.3",
        "seenreq": "^3.0.0",
        "tslog": "^4.9.3"
      },
      "engines": {
        "node": ">=18"
      }
    },
    "node_modules/css-select": {
      "version": "5.2.2",
      "resolved": "https://registry.npmmirror.com/css-select/-/css-select-5.2.2.tgz",
      "integrity": "sha512-TizTzUddG/xYLA3NXodFM0fSbNizXjOKhqiQQwvhlspadZokn1KDy0NZFS0wuEubIYAV5/c1/lAr0TaaFXEXzw==",
      "license": "BSD-2-Clause",
      "dependencies": {
        "boolbase": "^1.0.0",
        "css-what": "^6.1.0",
        "domhandler": "^5.0.2",
        "domutils": "^3.0.1",
        "nth-check": "^2.0.1"
      },
      "funding": {
        "url": "https://github.com/sponsors/fb55"
      }
    },
    "node_modules/css-what": {
      "version": "6.2.2",
      "resolved": "https://registry.npmmirror.com/css-what/-/css-what-6.2.2.tgz",
      "integrity": "sha512-u/O3vwbptzhMs3L1fQE82ZSLHQQfto5gyZzwteVIEyeaY5Fc7R4dapF/BvRoSYFeqfBk4m0V1Vafq5Pjv25wvA==",
      "license": "BSD-2-Clause",
      "engines": {
        "node": ">= 6"
      },
      "funding": {
        "url": "https://github.com/sponsors/fb55"
      }
    },
    "node_modules/dayjs": {
      "version": "1.11.20",
      "resolved": "https://registry.npmmirror.com/dayjs/-/dayjs-1.11.20.tgz",
      "integrity": "sha512-YbwwqR/uYpeoP4pu043q+LTDLFBLApUP6VxRihdfNTqu4ubqMlGDLd6ErXhEgsyvY0K6nCs7nggYumAN+9uEuQ==",
      "license": "MIT"
    },
    "node_modules/decompress-response": {
      "version": "10.0.0",
      "resolved": "https://registry.npmmirror.com/decompress-response/-/decompress-response-10.0.0.tgz",
      "integrity": "sha512-oj7KWToJuuxlPr7VV0vabvxEIiqNMo+q0NueIiL3XhtwC6FVOX7Hr1c0C4eD0bmf7Zr+S/dSf2xvkH3Ad6sU3Q==",
      "license": "MIT",
      "dependencies": {
        "mimic-response": "^4.0.0"
      },
      "engines": {
        "node": ">=20"
      },
      "funding": {
        "url": "https://github.com/sponsors/sindresorhus"
      }
    },
    "node_modules/dom-serializer": {
      "version": "2.0.0",
      "resolved": "https://registry.npmmirror.com/dom-serializer/-/dom-serializer-2.0.0.tgz",
      "integrity": "sha512-wIkAryiqt/nV5EQKqQpo3SToSOV9J0DnbJqwK7Wv/Trc92zIAYZ4FlMu+JPFW1DfGFt81ZTCGgDEabffXeLyJg==",
      "license": "MIT",
      "dependencies": {
        "domelementtype": "^2.3.0",
        "domhandler": "^5.0.2",
        "entities": "^4.2.0"
      },
      "funding": {
        "url": "https://github.com/cheeriojs/dom-serializer?sponsor=1"
      }
    },
    "node_modules/domelementtype": {
      "version": "2.3.0",
      "resolved": "https://registry.npmmirror.com/domelementtype/-/domelementtype-2.3.0.tgz",
      "integrity": "sha512-OLETBj6w0OsagBwdXnPdN0cnMfF9opN69co+7ZrbfPGrdpPVNBUj02spi6B1N7wChLQiPn4CSH/zJvXw56gmHw==",
      "funding": [
        {
          "type": "github",
          "url": "https://github.com/sponsors/fb55"
        }
      ],
      "license": "BSD-2-Clause"
    },
    "node_modules/domhandler": {
      "version": "5.0.3",
      "resolved": "https://registry.npmmirror.com/domhandler/-/domhandler-5.0.3.tgz",
      "integrity": "sha512-cgwlv/1iFQiFnU96XXgROh8xTeetsnJiDsTc7TYCLFd9+/WNkIqPTxiM/8pSd8VIrhXGTf1Ny1q1hquVqDJB5w==",
      "license": "BSD-2-Clause",
      "dependencies": {
        "domelementtype": "^2.3.0"
      },
      "engines": {
        "node": ">= 4"
      },
      "funding": {
        "url": "https://github.com/fb55/domhandler?sponsor=1"
      }
    },
    "node_modules/domutils": {
      "version": "3.2.2",
      "resolved": "https://registry.npmmirror.com/domutils/-/domutils-3.2.2.tgz",
      "integrity": "sha512-6kZKyUajlDuqlHKVX1w7gyslj9MPIXzIFiz/rGu35uC1wMi+kMhQwGhl4lt9unC9Vb9INnY9Z3/ZA3+FhASLaw==",
      "license": "BSD-2-Clause",
      "dependencies": {
        "dom-serializer": "^2.0.0",
        "domelementtype": "^2.3.0",
        "domhandler": "^5.0.3"
      },
      "funding": {
        "url": "https://github.com/fb55/domutils?sponsor=1"
      }
    },
    "node_modules/entities": {
      "version": "4.5.0",
      "resolved": "https://registry.npmmirror.com/entities/-/entities-4.5.0.tgz",
      "integrity": "sha512-V0hjH4dGPh9Ao5p0MoRY6BVqtwCjhz6vI5LT8AJ55H+4g9/4vbHx1I54fS0XuclLhDHArPQCiMjDxjaL8fPxhw==",
      "license": "BSD-2-Clause",
      "engines": {
        "node": ">=0.12"
      },
      "funding": {
        "url": "https://github.com/fb55/entities?sponsor=1"
      }
    },
    "node_modules/form-data-encoder": {
      "version": "4.1.0",
      "resolved": "https://registry.npmmirror.com/form-data-encoder/-/form-data-encoder-4.1.0.tgz",
      "integrity": "sha512-G6NsmEW15s0Uw9XnCg+33H3ViYRyiM0hMrMhhqQOR8NFc5GhYrI+6I3u7OTw7b91J2g8rtvMBZJDbcGb2YUniw==",
      "license": "MIT",
      "engines": {
        "node": ">= 18"
      }
    },
    "node_modules/get-stream": {
      "version": "9.0.1",
      "resolved": "https://registry.npmmirror.com/get-stream/-/get-stream-9.0.1.tgz",
      "integrity": "sha512-kVCxPF3vQM/N0B1PmoqVUqgHP+EeVjmZSQn+1oCRPxd2P21P2F19lIgbR3HBosbB1PUhOAoctJnfEn2GbN2eZA==",
      "license": "MIT",
      "dependencies": {
        "@sec-ant/readable-stream": "^0.4.1",
        "is-stream": "^4.0.1"
      },
      "engines": {
        "node": ">=18"
      },
      "funding": {
        "url": "https://github.com/sponsors/sindresorhus"
      }
    },
    "node_modules/got": {
      "version": "14.6.6",
      "resolved": "https://registry.npmmirror.com/got/-/got-14.6.6.tgz",
      "integrity": "sha512-QLV1qeYSo5l13mQzWgP/y0LbMr5Plr5fJilgAIwgnwseproEbtNym8xpLsDzeZ6MWXgNE6kdWGBjdh3zT/Qerg==",
      "license": "MIT",
      "dependencies": {
        "@sindresorhus/is": "^7.0.1",
        "byte-counter": "^0.1.0",
        "cacheable-lookup": "^7.0.0",
        "cacheable-request": "^13.0.12",
        "decompress-response": "^10.0.0",
        "form-data-encoder": "^4.0.2",
        "http2-wrapper": "^2.2.1",
        "keyv": "^5.5.3",
        "lowercase-keys": "^3.0.0",
        "p-cancelable": "^4.0.1",
        "responselike": "^4.0.2",
        "type-fest": "^4.26.1"
      },
      "engines": {
        "node": ">=20"
      },
      "funding": {
        "url": "https://github.com/sindresorhus/got?sponsor=1"
      }
    },
    "node_modules/hpagent": {
      "version": "1.2.0",
      "resolved": "https://registry.npmmirror.com/hpagent/-/hpagent-1.2.0.tgz",
      "integrity": "sha512-A91dYTeIB6NoXG+PxTQpCCDDnfHsW9kc06Lvpu1TEe9gnd6ZFeiBoRO9JvzEv6xK7EX97/dUE8g/vBMTqTS3CA==",
      "license": "MIT",
      "engines": {
        "node": ">=14"
      }
    },
    "node_modules/htmlparser2": {
      "version": "8.0.2",
      "resolved": "https://registry.npmmirror.com/htmlparser2/-/htmlparser2-8.0.2.tgz",
      "integrity": "sha512-GYdjWKDkbRLkZ5geuHs5NY1puJ+PXwP7+fHPRz06Eirsb9ugf6d8kkXav6ADhcODhFFPMIXyxkxSuMf3D6NCFA==",
      "funding": [
        "https://github.com/fb55/htmlparser2?sponsor=1",
        {
          "type": "github",
          "url": "https://github.com/sponsors/fb55"
        }
      ],
      "license": "MIT",
      "dependencies": {
        "domelementtype": "^2.3.0",
        "domhandler": "^5.0.3",
        "domutils": "^3.0.1",
        "entities": "^4.4.0"
      }
    },
    "node_modules/http-cache-semantics": {
      "version": "4.2.0",
      "resolved": "https://registry.npmmirror.com/http-cache-semantics/-/http-cache-semantics-4.2.0.tgz",
      "integrity": "sha512-dTxcvPXqPvXBQpq5dUr6mEMJX4oIEFv6bwom3FDwKRDsuIjjJGANqhBuoAn9c1RQJIdAKav33ED65E2ys+87QQ==",
      "license": "BSD-2-Clause"
    },
    "node_modules/http2-wrapper": {
      "version": "2.2.1",
      "resolved": "https://registry.npmmirror.com/http2-wrapper/-/http2-wrapper-2.2.1.tgz",
      "integrity": "sha512-V5nVw1PAOgfI3Lmeaj2Exmeg7fenjhRUgz1lPSezy1CuhPYbgQtbQj4jZfEAEMlaL+vupsvhjqCyjzob0yxsmQ==",
      "license": "MIT",
      "dependencies": {
        "quick-lru": "^5.1.1",
        "resolve-alpn": "^1.2.0"
      },
      "engines": {
        "node": ">=10.19.0"
      }
    },
    "node_modules/iconv-lite": {
      "version": "0.6.3",
      "resolved": "https://registry.npmmirror.com/iconv-lite/-/iconv-lite-0.6.3.tgz",
      "integrity": "sha512-4fCk79wshMdzMp2rH06qWrJE4iolqLhCUH+OiuIgU++RB0+94NlDL81atO7GX55uUKueo0txHNtvEyI6D7WdMw==",
      "license": "MIT",
      "dependencies": {
        "safer-buffer": ">= 2.1.2 < 3.0.0"
      },
      "engines": {
        "node": ">=0.10.0"
      }
    },
    "node_modules/is-stream": {
      "version": "4.0.1",
      "resolved": "https://registry.npmmirror.com/is-stream/-/is-stream-4.0.1.tgz",
      "integrity": "sha512-Dnz92NInDqYckGEUJv689RbRiTSEHCQ7wOVeALbkOz999YpqT46yMRIGtSNl2iCL1waAZSx40+h59NV/EwzV/A==",
      "license": "MIT",
      "engines": {
        "node": ">=18"
      },
      "funding": {
        "url": "https://github.com/sponsors/sindresorhus"
      }
    },
    "node_modules/keyv": {
      "version": "5.6.0",
      "resolved": "https://registry.npmmirror.com/keyv/-/keyv-5.6.0.tgz",
      "integrity": "sha512-CYDD3SOtsHtyXeEORYRx2qBtpDJFjRTGXUtmNEMGyzYOKj1TE3tycdlho7kA1Ufx9OYWZzg52QFBGALTirzDSw==",
      "license": "MIT",
      "dependencies": {
        "@keyv/serialize": "^1.1.1"
      }
    },
    "node_modules/lowercase-keys": {
      "version": "3.0.0",
      "resolved": "https://registry.npmmirror.com/lowercase-keys/-/lowercase-keys-3.0.0.tgz",
      "integrity": "sha512-ozCC6gdQ+glXOQsveKD0YsDy8DSQFjDTz4zyzEHNV5+JP5D62LmfDZ6o1cycFx9ouG940M5dE8C8CTewdj2YWQ==",
      "license": "MIT",
      "engines": {
        "node": "^12.20.0 || ^14.13.1 || >=16.0.0"
      },
      "funding": {
        "url": "https://github.com/sponsors/sindresorhus"
      }
    },
    "node_modules/mimic-response": {
      "version": "4.0.0",
      "resolved": "https://registry.npmmirror.com/mimic-response/-/mimic-response-4.0.0.tgz",
      "integrity": "sha512-e5ISH9xMYU0DzrT+jl8q2ze9D6eWBto+I8CNpe+VI+K2J/F/k3PdkdTdz4wvGVH4NTpo+NRYTVIuMQEMMcsLqg==",
      "license": "MIT",
      "engines": {
        "node": "^12.20.0 || ^14.13.1 || >=16.0.0"
      },
      "funding": {
        "url": "https://github.com/sponsors/sindresorhus"
      }
    },
    "node_modules/minimist": {
      "version": "1.2.8",
      "resolved": "https://registry.npmmirror.com/minimist/-/minimist-1.2.8.tgz",
      "integrity": "sha512-2yyAR8qBkN3YuheJanUpWC5U3bb5osDywNB8RzDVlDwDHbocAJveqqj1u8+SVD7jkWT4yvsHCpWqqWqAxb0zCA==",
      "license": "MIT",
      "funding": {
        "url": "https://github.com/sponsors/ljharb"
      }
    },
    "node_modules/node-url-utils": {
      "version": "0.4.0",
      "resolved": "https://registry.npmmirror.com/node-url-utils/-/node-url-utils-0.4.0.tgz",
      "integrity": "sha512-cg9J2VQ0nNvrZR+edoDaAoInvGRgi2r/LCSwOwNCgVASBo0rQiDbSwa4s0MpEcpPf1p4qokC14BXMx5TPxSU5w==",
      "license": "MIT",
      "engines": {
        "node": ">=0.2.x"
      }
    },
    "node_modules/normalize-url": {
      "version": "8.1.1",
      "resolved": "https://registry.npmmirror.com/normalize-url/-/normalize-url-8.1.1.tgz",
      "integrity": "sha512-JYc0DPlpGWB40kH5g07gGTrYuMqV653k3uBKY6uITPWds3M0ov3GaWGp9lbE3Bzngx8+XkfzgvASb9vk9JDFXQ==",
      "license": "MIT",
      "engines": {
        "node": ">=14.16"
      },
      "funding": {
        "url": "https://github.com/sponsors/sindresorhus"
      }
    },
    "node_modules/nth-check": {
      "version": "2.1.1",
      "resolved": "https://registry.npmmirror.com/nth-check/-/nth-check-2.1.1.tgz",
      "integrity": "sha512-lqjrjmaOoAnWfMmBPL+XNnynZh2+swxiX3WUE0s4yEHI6m+AwrK2UZOimIRl3X/4QctVqS8AiZjFqyOGrMXb/w==",
      "license": "BSD-2-Clause",
      "dependencies": {
        "boolbase": "^1.0.0"
      },
      "funding": {
        "url": "https://github.com/fb55/nth-check?sponsor=1"
      }
    },
    "node_modules/p-cancelable": {
      "version": "4.0.1",
      "resolved": "https://registry.npmmirror.com/p-cancelable/-/p-cancelable-4.0.1.tgz",
      "integrity": "sha512-wBowNApzd45EIKdO1LaU+LrMBwAcjfPaYtVzV3lmfM3gf8Z4CHZsiIqlM8TZZ8okYvh5A1cP6gTfCRQtwUpaUg==",
      "license": "MIT",
      "engines": {
        "node": ">=14.16"
      }
    },
    "node_modules/papaparse": {
      "version": "5.5.3",
      "resolved": "https://registry.npmmirror.com/papaparse/-/papaparse-5.5.3.tgz",
      "integrity": "sha512-5QvjGxYVjxO59MGU2lHVYpRWBBtKHnlIAcSe1uNFCkkptUh63NFRj0FJQm7nR67puEruUci/ZkjmEFrjCAyP4A==",
      "license": "MIT"
    },
    "node_modules/parse5": {
      "version": "7.3.0",
      "resolved": "https://registry.npmmirror.com/parse5/-/parse5-7.3.0.tgz",
      "integrity": "sha512-IInvU7fabl34qmi9gY8XOVxhYyMyuH2xUNpb2q8/Y+7552KlejkRvqvD19nMoUW/uQGGbqNpA6Tufu5FL5BZgw==",
      "license": "MIT",
      "dependencies": {
        "entities": "^6.0.0"
      },
      "funding": {
        "url": "https://github.com/inikulin/parse5?sponsor=1"
      }
    },
    "node_modules/parse5-htmlparser2-tree-adapter": {
      "version": "7.1.0",
      "resolved": "https://registry.npmmirror.com/parse5-htmlparser2-tree-adapter/-/parse5-htmlparser2-tree-adapter-7.1.0.tgz",
      "integrity": "sha512-ruw5xyKs6lrpo9x9rCZqZZnIUntICjQAd0Wsmp396Ul9lN/h+ifgVV1x1gZHi8euej6wTfpqX8j+BFQxF0NS/g==",
      "license": "MIT",
      "dependencies": {
        "domhandler": "^5.0.3",
        "parse5": "^7.0.0"
      },
      "funding": {
        "url": "https://github.com/inikulin/parse5?sponsor=1"
      }
    },
    "node_modules/parse5/node_modules/entities": {
      "version": "6.0.1",
      "resolved": "https://registry.npmmirror.com/entities/-/entities-6.0.1.tgz",
      "integrity": "sha512-aN97NXWF6AWBTahfVOIrB/NShkzi5H7F9r1s9mD3cDj4Ko5f2qhhVoYMibXF7GlLveb/D2ioWay8lxI97Ven3g==",
      "license": "BSD-2-Clause",
      "engines": {
        "node": ">=0.12"
      },
      "funding": {
        "url": "https://github.com/fb55/entities?sponsor=1"
      }
    },
    "node_modules/quick-lru": {
      "version": "5.1.1",
      "resolved": "https://registry.npmmirror.com/quick-lru/-/quick-lru-5.1.1.tgz",
      "integrity": "sha512-WuyALRjWPDGtt/wzJiadO5AXY+8hZ80hVpe6MyivgraREW751X3SbhRvG3eLKOYN+8VEvqLcf3wdnt44Z4S4SA==",
      "license": "MIT",
      "engines": {
        "node": ">=10"
      },
      "funding": {
        "url": "https://github.com/sponsors/sindresorhus"
      }
    },
    "node_modules/ramda": {
      "version": "0.32.0",
      "resolved": "https://registry.npmmirror.com/ramda/-/ramda-0.32.0.tgz",
      "integrity": "sha512-GQWAHhxhxWBWA8oIBr1XahFVjQ9Fic6MK9ikijfd4TZHfE2+urfk+irVlR5VOn48uwMgM+loRRBJd6Yjsbc0zQ==",
      "license": "MIT",
      "funding": {
        "type": "opencollective",
        "url": "https://opencollective.com/ramda"
      }
    },
    "node_modules/resolve-alpn": {
      "version": "1.2.1",
      "resolved": "https://registry.npmmirror.com/resolve-alpn/-/resolve-alpn-1.2.1.tgz",
      "integrity": "sha512-0a1F4l73/ZFZOakJnQ3FvkJ2+gSTQWz/r2KE5OdDY0TxPm5h4GkqkWWfM47T7HsbnOtcJVEF4epCVy6u7Q3K+g==",
      "license": "MIT"
    },
    "node_modules/responselike": {
      "version": "4.0.2",
      "resolved": "https://registry.npmmirror.com/responselike/-/responselike-4.0.2.tgz",
      "integrity": "sha512-cGk8IbWEAnaCpdAt1BHzJ3Ahz5ewDJa0KseTsE3qIRMJ3C698W8psM7byCeWVpd/Ha7FUYzuRVzXoKoM6nRUbA==",
      "license": "MIT",
      "dependencies": {
        "lowercase-keys": "^3.0.0"
      },
      "engines": {
        "node": ">=20"
      },
      "funding": {
        "url": "https://github.com/sponsors/sindresorhus"
      }
    },
    "node_modules/safer-buffer": {
      "version": "2.1.2",
      "resolved": "https://registry.npmmirror.com/safer-buffer/-/safer-buffer-2.1.2.tgz",
      "integrity": "sha512-YZo3K82SD7Riyi0E1EQPojLz7kpepnSQI9IyPbHHg1XXXevb5dJI7tpyN2ADxGcQbHG7vcyRHk0cbwqcQriUtg==",
      "license": "MIT"
    },
    "node_modules/seenreq": {
      "version": "3.0.0",
      "resolved": "https://registry.npmmirror.com/seenreq/-/seenreq-3.0.0.tgz",
      "integrity": "sha512-wSe7hb83TKkyweL8Jq5a1xuStmqfwxiJn2SXjA/Wns42aUJjlWzPzj/jWaomOCRY5ZpIRkiyh/+5pNz/20363A==",
      "license": "MIT",
      "dependencies": {
        "node-url-utils": "^0.4.0"
      }
    },
    "node_modules/tslog": {
      "version": "4.10.2",
      "resolved": "https://registry.npmmirror.com/tslog/-/tslog-4.10.2.tgz",
      "integrity": "sha512-XuELoRpMR+sq8fuWwX7P0bcj+PRNiicOKDEb3fGNURhxWVyykCi9BNq7c4uVz7h7P0sj8qgBsr5SWS6yBClq3g==",
      "license": "MIT",
      "engines": {
        "node": ">=16"
      },
      "funding": {
        "url": "https://github.com/fullstack-build/tslog?sponsor=1"
      }
    },
    "node_modules/type-fest": {
      "version": "4.41.0",
      "resolved": "https://registry.npmmirror.com/type-fest/-/type-fest-4.41.0.tgz",
      "integrity": "sha512-TeTSQ6H5YHvpqVwBRcnLDCBnDOHWYu7IvGbHT6N8AOymcr9PJGjc1GTtiWZTYg0NCgYwvnYWEkVChQAr9bjfwA==",
      "license": "(MIT OR CC0-1.0)",
      "engines": {
        "node": ">=16"
      },
      "funding": {
        "url": "https://github.com/sponsors/sindresorhus"
      }
    }
  }
}
